{
  "name": "can-i-use",
  "version": "1.0.0",
  "lockfileVersion": 1,
  "requires": true,
  "dependencies": {
    "@types/micro": {
      "version": "7.3.1",
      "resolved": "https://registry.npmjs.org/@types/micro/-/micro-7.3.1.tgz",
      "integrity": "sha512-4yl3XWtY/nWUFjex4aiNid9EO9dcjiEFGNqJJ/R4gb76hV6yEOC9CC6fiwQOTtDC1E/gOi3LkF0KqnPVlqOGfg==",
      "dev": true
    },
    "@types/node": {
      "version": "9.6.5",
      "resolved": "https://registry.npmjs.org/@types/node/-/node-9.6.5.tgz",
      "integrity": "sha512-NOLEgsT6UiDTjnWG5Hd2Mg25LRyz/oe8ql3wbjzgSFeRzRROhPmtlsvIrei4B46UjERF0td9SZ1ZXPLOdcrBHg==",
      "dev": true
    },
    "ask-sdk-core": {
      "version": "2.0.0",
      "resolved": "https://registry.npmjs.org/ask-sdk-core/-/ask-sdk-core-2.0.0.tgz",
      "integrity": "sha512-7bPq0/cbGueFi7Y82rk3QP+Km5IalUXEQwMS5XNnWLiSVAOm+0kEfs1JiS49awa35uo6Bs0plfb0fibirndiBg=="
    },
    "ask-sdk-model": {
      "version": "1.0.1",
      "resolved": "https://registry.npmjs.org/ask-sdk-model/-/ask-sdk-model-1.0.1.tgz",
      "integrity": "sha512-jeKc00OaIuJwVCVTUfeLrl+0P5ESBjBjc1epYUZQsGTFsyxjWWqv12Uy0ZpoYVHKk1YJ57wDqyewtEGK4Xv3HA=="
    },
    "browserslist": {
      "version": "2.11.3",
      "resolved": "https://registry.npmjs.org/browserslist/-/browserslist-2.11.3.tgz",
      "integrity": "sha512-yWu5cXT7Av6mVwzWc8lMsJMHWn4xyjSuGYi4IozbVTLUOEYPSagUB8kiMDUHA1fS3zjr8nkxkn9jdvug4BBRmA==",
      "requires": {
        "caniuse-lite": "1.0.30000830",
        "electron-to-chromium": "1.3.42"
      }
    },
    "bytes": {
      "version": "3.0.0",
      "resolved": "https://registry.npmjs.org/bytes/-/bytes-3.0.0.tgz",
      "integrity": "sha1-0ygVQE1olpn4Wk6k+odV3ROpYEg="
    },
    "caniuse-api": {
      "version": "2.0.0",
      "resolved": "https://registry.npmjs.org/caniuse-api/-/caniuse-api-2.0.0.tgz",
      "integrity": "sha1-sd21pZZrFvSNxJmERNS7xsfZ2DQ=",
      "requires": {
        "browserslist": "2.11.3",
        "caniuse-lite": "1.0.30000830",
        "lodash.memoize": "4.1.2",
        "lodash.uniq": "4.5.0"
      }
    },
    "caniuse-lite": {
      "version": "1.0.30000830",
      "resolved": "https://registry.npmjs.org/caniuse-lite/-/caniuse-lite-1.0.30000830.tgz",
      "integrity": "sha512-yMqGkujkoOIZfvOYiWdqPALgY/PVGiqCHUJb6yNq7xhI/pR+gQO0U2K6lRDqAiJv4+CIU3CtTLblNGw0QGnr6g=="
    },
    "content-type": {
      "version": "1.0.4",
      "resolved": "https://registry.npmjs.org/content-type/-/content-type-1.0.4.tgz",
      "integrity": "sha512-hIP3EEPs8tB9AT1L+NUqtwOAps4mk2Zob89MWXMHjHWg9milF/j4osnnQLXBCBFBk/tvIG/tUc9mOUJiPBhPXA=="
    },
    "depd": {
      "version": "1.1.1",
      "resolved": "https://registry.npmjs.org/depd/-/depd-1.1.1.tgz",
      "integrity": "sha1-V4O04cRZ8G+lyif5kfPQbnoxA1k="
    },
    "electron-to-chromium": {
      "version": "1.3.42",
      "resolved": "https://registry.npmjs.org/electron-to-chromium/-/electron-to-chromium-1.3.42.tgz",
      "integrity": "sha1-lcM78B0MxAVVauyJn+Yf1NduoPk="
    },
    "http-errors": {
      "version": "1.6.2",
      "resolved": "https://registry.npmjs.org/http-errors/-/http-errors-1.6.2.tgz",
      "integrity": "sha1-CgAsyFcHGSp+eUbO7cERVfYOxzY=",
      "requires": {
        "depd": "1.1.1",
        "inherits": "2.0.3",
        "setprototypeof": "1.0.3",
        "statuses": "1.5.0"
      }
    },
    "iconv-lite": {
      "version": "0.4.19",
      "resolved": "https://registry.npmjs.org/iconv-lite/-/iconv-lite-0.4.19.tgz",
      "integrity": "sha512-oTZqweIP51xaGPI4uPa56/Pri/480R+mo7SeU+YETByQNhDG55ycFyNLIgta9vXhILrxXDmF7ZGhqZIcuN0gJQ=="
    },
    "inherits": {
      "version": "2.0.3",
      "resolved": "https://registry.npmjs.org/inherits/-/inherits-2.0.3.tgz",
      "integrity": "sha1-Yzwsg+PaQqUC9SRmAiSA9CCCYd4="
    },
    "is-stream": {
      "version": "1.1.0",
      "resolved": "https://registry.npmjs.org/is-stream/-/is-stream-1.1.0.tgz",
      "integrity": "sha1-EtSj3U5o4Lec6428hBc66A2RykQ="
    },
    "lodash.memoize": {
      "version": "4.1.2",
      "resolved": "https://registry.npmjs.org/lodash.memoize/-/lodash.memoize-4.1.2.tgz",
      "integrity": "sha1-vMbEmkKihA7Zl/Mj6tpezRguC/4="
    },
    "lodash.uniq": {
      "version": "4.5.0",
      "resolved": "https://registry.npmjs.org/lodash.uniq/-/lodash.uniq-4.5.0.tgz",
      "integrity": "sha1-0CJTc662Uq3BvILklFM5qEJ1R3M="
    },
    "micro": {
      "version": "9.1.4",
      "resolved": "https://registry.npmjs.org/micro/-/micro-9.1.4.tgz",
      "integrity": "sha512-2eQ5QpO33LAPQJ/1iA3BrtLzdYlOCAXlstY4vcIj3SEmv0tsWuNZpsfgn1o8xGAYzf15kb+FXnEx8EklXz+pPg==",
      "requires": {
        "content-type": "1.0.4",
        "is-stream": "1.1.0",
        "mri": "1.1.0",
        "raw-body": "2.3.2"
      }
    },
    "mri": {
      "version": "1.1.0",
      "resolved": "https://registry.npmjs.org/mri/-/mri-1.1.0.tgz",
      "integrity": "sha1-XAo/KcjM/7ux7JQdzsCdcfoy82o="
    },
    "raw-body": {
      "version": "2.3.2",
      "resolved": "https://registry.npmjs.org/raw-body/-/raw-body-2.3.2.tgz",
      "integrity": "sha1-vNYMd9Prk83gBQKVw/N5OJvIj4k=",
      "requires": {
        "bytes": "3.0.0",
        "http-errors": "1.6.2",
        "iconv-lite": "0.4.19",
        "unpipe": "1.0.0"
      }
    },
    "setprototypeof": {
      "version": "1.0.3",
      "resolved": "https://registry.npmjs.org/setprototypeof/-/setprototypeof-1.0.3.tgz",
      "integrity": "sha1-ZlZ+NwQ+608E2RvWWMDL77VbjgQ="
    },
    "statuses": {
      "version": "1.5.0",
      "resolved": "https://registry.npmjs.org/statuses/-/statuses-1.5.0.tgz",
      "integrity": "sha1-Fhx9rBd2Wf2YEfQ3cfqZOBR4Yow="
    },
    "typescript": {
      "version": "2.8.1",
      "resolved": "https://registry.npmjs.org/typescript/-/typescript-2.8.1.tgz",
      "integrity": "sha512-Ao/f6d/4EPLq0YwzsQz8iXflezpTkQzqAyenTiw4kCUGr1uPiFLC3+fZ+gMZz6eeI/qdRUqvC+HxIJzUAzEFdg==",
      "dev": true
    },
    "unpipe": {
      "version": "1.0.0",
      "resolved": "https://registry.npmjs.org/unpipe/-/unpipe-1.0.0.tgz",
      "integrity": "sha1-sr9O6FFKrmFltIF4KdIbLvSZBOw="
    }
  }
}
